
Microsoft Visual Studio Solution File, Format Version 12.00
# Visual Studio 14
VisualStudioVersion = 14.0.25420.1
MinimumVisualStudioVersion = 10.0.40219.1
Project("{FAE04EC0-301F-11D3-BF4B-00C04F79EFBC}") = "Chef", "Chef\Chef.csproj", "{ADA9AB06-21EF-49ED-95A0-7F230CB6765F}"
EndProject
Project("{FAE04EC0-301F-11D3-BF4B-00C04F79EFBC}") = "Salad", "Salad\Salad.csproj", "{6B8F6E6F-5312-4C46-A712-C7FF87E4E680}"
EndProject
Global
	GlobalSection(SolutionConfigurationPlatforms) = preSolution
		Debug|Any CPU = Debug|Any CPU
		Release|Any CPU = Release|Any CPU
	EndGlobalSection
	GlobalSection(ProjectConfigurationPlatforms) = postSolution
		{ADA9AB06-21EF-49ED-95A0-7F230CB6765F}.Debug|Any CPU.ActiveCfg = Debug|Any CPU
		{ADA9AB06-21EF-49ED-95A0-7F230CB6765F}.Debug|Any CPU.Build.0 = Debug|Any CPU
		{ADA9AB06-21EF-49ED-95A0-7F230CB6765F}.Release|Any CPU.ActiveCfg = Release|Any CPU
		{ADA9AB06-21EF-49ED-95A0-7F230CB6765F}.Release|Any CPU.Build.0 = Release|Any CPU
		{6B8F6E6F-5312-4C46-A712-C7FF87E4E680}.Debug|Any CPU.ActiveCfg = Debug|Any CPU
		{6B8F6E6F-5312-4C46-A712-C7FF87E4E680}.Debug|Any CPU.Build.0 = Debug|Any CPU
		{6B8F6E6F-5312-4C46-A712-C7FF87E4E680}.Release|Any CPU.ActiveCfg = Release|Any CPU
		{6B8F6E6F-5312-4C46-A712-C7FF87E4E680}.Release|Any CPU.Build.0 = Release|Any CPU
	EndGlobalSection
	GlobalSection(SolutionProperties) = preSolution
		HideSolutionNode = FALSE
	EndGlobalSection
EndGlobal
